
Microsoft Visual Studio Solution File, Format Version 12.00
# Visual Studio Version 16
VisualStudioVersion = 16.0.31729.503
MinimumVisualStudioVersion = 10.0.40219.1
Project("{FAE04EC0-301F-11D3-BF4B-00C04F79EFBC}") = "TAD COLA", "TAD COLA\TAD COLA.csproj", "{8C25E6C8-8EF9-469F-88F7-57ED716068FF}"
EndProject
Global
	GlobalSection(SolutionConfigurationPlatforms) = preSolution
		Debug|Any CPU = Debug|Any CPU
		Release|Any CPU = Release|Any CPU
	EndGlobalSection
	GlobalSection(ProjectConfigurationPlatforms) = postSolution
		{8C25E6C8-8EF9-469F-88F7-57ED716068FF}.Debug|Any CPU.ActiveCfg = Debug|Any CPU
		{8C25E6C8-8EF9-469F-88F7-57ED716068FF}.Debug|Any CPU.Build.0 = Debug|Any CPU
		{8C25E6C8-8EF9-469F-88F7-57ED716068FF}.Release|Any CPU.ActiveCfg = Release|Any CPU
		{8C25E6C8-8EF9-469F-88F7-57ED716068FF}.Release|Any CPU.Build.0 = Release|Any CPU
	EndGlobalSection
	GlobalSection(SolutionProperties) = preSolution
		HideSolutionNode = FALSE
	EndGlobalSection
	GlobalSection(ExtensibilityGlobals) = postSolution
		SolutionGuid = {033669B9-A142-4F13-9911-63D5A0E6F16D}
	EndGlobalSection
EndGlobal
